
Microsoft Visual Studio Solution File, Format Version 12.00
# Visual Studio 15
VisualStudioVersion = 15.0.34112.143
MinimumVisualStudioVersion = 10.0.40219.1
Project("{8BC9CEB8-8B4A-11D0-8D11-00A0C91BC942}") = "ConsoleApplication1", "ConsoleApplication1\ConsoleApplication1.vcxproj", "{47D04831-53C4-4A43-BEFA-82EF22DC13A1}"
EndProject
Global
	GlobalSection(SolutionConfigurationPlatforms) = preSolution
		Debug|x64 = Debug|x64
		Debug|x86 = Debug|x86
		Release|x64 = Release|x64
		Release|x86 = Release|x86
	EndGlobalSection
	GlobalSection(ProjectConfigurationPlatforms) = postSolution
		{47D04831-53C4-4A43-BEFA-82EF22DC13A1}.Debug|x64.ActiveCfg = Debug|x64
		{47D04831-53C4-4A43-BEFA-82EF22DC13A1}.Debug|x64.Build.0 = Debug|x64
		{47D04831-53C4-4A43-BEFA-82EF22DC13A1}.Debug|x86.ActiveCfg = Debug|Win32
		{47D04831-53C4-4A43-BEFA-82EF22DC13A1}.Debug|x86.Build.0 = Debug|Win32
		{47D04831-53C4-4A43-BEFA-82EF22DC13A1}.Release|x64.ActiveCfg = Release|x64
		{47D04831-53C4-4A43-BEFA-82EF22DC13A1}.Release|x64.Build.0 = Release|x64
		{47D04831-53C4-4A43-BEFA-82EF22DC13A1}.Release|x86.ActiveCfg = Release|Win32
		{47D04831-53C4-4A43-BEFA-82EF22DC13A1}.Release|x86.Build.0 = Release|Win32
	EndGlobalSection
	GlobalSection(SolutionProperties) = preSolution
		HideSolutionNode = FALSE
	EndGlobalSection
	GlobalSection(ExtensibilityGlobals) = postSolution
		SolutionGuid = {0DE1AB10-28AE-4085-87C9-B6F3AD6F5BCC}
	EndGlobalSection
EndGlobal
